// !$*UTF8*$!
{
	archiveVersion = 1;
	classes = {
	};
	objectVersion = 56;
	objects = {

/* Begin PBXBuildFile section */
		1F7635C82AE86D3800D2A8FB /* AutoServiceERP_FrontendApp.swift in Sources */ = {isa = PBXBuildFile; fileRef = 1F7635C72AE86D3800D2A8FB /* AutoServiceERP_FrontendApp.swift */; };
		1F7635CA2AE86D3800D2A8FB /* ContentView.swift in Sources */ = {isa = PBXBuildFile; fileRef = 1F7635C92AE86D3800D2A8FB /* ContentView.swift */; };
		1F7635CC2AE86D3900D2A8FB /* Assets.xcassets in Resources */ = {isa = PBXBuildFile; fileRef = 1F7635CB2AE86D3900D2A8FB /* Assets.xcassets */; };
		1F7635CF2AE86D3900D2A8FB /* Preview Assets.xcassets in Resources */ = {isa = PBXBuildFile; fileRef = 1F7635CE2AE86D3900D2A8FB /* Preview Assets.xcassets */; };
		1F7635DE2AE86D3A00D2A8FB /* AutoServiceERP_FrontendTests.swift in Sources */ = {isa = PBXBuildFile; fileRef = 1F7635DD2AE86D3A00D2A8FB /* AutoServiceERP_FrontendTests.swift */; };
		1F7635E82AE86D3A00D2A8FB /* AutoServiceERP_FrontendUITests.swift in Sources */ = {isa = PBXBuildFile; fileRef = 1F7635E72AE86D3A00D2A8FB /* AutoServiceERP_FrontendUITests.swift */; };
		1F7635EA2AE86D3A00D2A8FB /* AutoServiceERP_FrontendUITestsLaunchTests.swift in Sources */ = {isa = PBXBuildFile; fileRef = 1F7635E92AE86D3A00D2A8FB /* AutoServiceERP_FrontendUITestsLaunchTests.swift */; };
		1FCFA6E22B1108E000B8C198 /* Master.swift in Sources */ = {isa = PBXBuildFile; fileRef = 1FCFA6E12B1108E000B8C198 /* Master.swift */; };
		1FCFA6E42B11091A00B8C198 /* NetworkManager.swift in Sources */ = {isa = PBXBuildFile; fileRef = 1FCFA6E32B11091A00B8C198 /* NetworkManager.swift */; };
/* End PBXBuildFile section */

/* Begin PBXContainerItemProxy section */
		1F7635DA2AE86D3A00D2A8FB /* PBXContainerItemProxy */ = {
			isa = PBXContainerItemProxy;
			containerPortal = 1F7635BC2AE86D3800D2A8FB /* Project object */;
			proxyType = 1;
			remoteGlobalIDString = 1F7635C32AE86D3800D2A8FB;
			remoteInfo = "AutoServiceERP-Frontend";
		};
		1F7635E42AE86D3A00D2A8FB /* PBXContainerItemProxy */ = {
			isa = PBXContainerItemProxy;
			containerPortal = 1F7635BC2AE86D3800D2A8FB /* Project object */;
			proxyType = 1;
			remoteGlobalIDString = 1F7635C32AE86D3800D2A8FB;
			remoteInfo = "AutoServiceERP-Frontend";
		};
/* End PBXContainerItemProxy section */

/* Begin PBXFileReference section */
		1F7635C42AE86D3800D2A8FB /* AutoServiceERP-Frontend.app */ = {isa = PBXFileReference; explicitFileType = wrapper.application; includeInIndex = 0; path = "AutoServiceERP-Frontend.app"; sourceTree = BUILT_PRODUCTS_DIR; };
		1F7635C72AE86D3800D2A8FB /* AutoServiceERP_FrontendApp.swift */ = {isa = PBXFileReference; lastKnownFileType = sourcecode.swift; path = AutoServiceERP_FrontendApp.swift; sourceTree = "<group>"; };
		1F7635C92AE86D3800D2A8FB /* ContentView.swift */ = {isa = PBXFileReference; lastKnownFileType = sourcecode.swift; path = ContentView.swift; sourceTree = "<group>"; };
		1F7635CB2AE86D3900D2A8FB /* Assets.xcassets */ = {isa = PBXFileReference; lastKnownFileType = folder.assetcatalog; path = Assets.xcassets; sourceTree = "<group>"; };
		1F7635CE2AE86D3900D2A8FB /* Preview Assets.xcassets */ = {isa = PBXFileReference; lastKnownFileType = folder.assetcatalog; path = "Preview Assets.xcassets"; sourceTree = "<group>"; };
		1F7635D92AE86D3A00D2A8FB /* AutoServiceERP-FrontendTests.xctest */ = {isa = PBXFileReference; explicitFileType = wrapper.cfbundle; includeInIndex = 0; path = "AutoServiceERP-FrontendTests.xctest"; sourceTree = BUILT_PRODUCTS_DIR; };
		1F7635DD2AE86D3A00D2A8FB /* AutoServiceERP_FrontendTests.swift */ = {isa = PBXFileReference; lastKnownFileType = sourcecode.swift; path = AutoServiceERP_FrontendTests.swift; sourceTree = "<group>"; };
		1F7635E32AE86D3A00D2A8FB /* AutoServiceERP-FrontendUITests.xctest */ = {isa = PBXFileReference; explicitFileType = wrapper.cfbundle; includeInIndex = 0; path = "AutoServiceERP-FrontendUITests.xctest"; sourceTree = BUILT_PRODUCTS_DIR; };
		1F7635E72AE86D3A00D2A8FB /* AutoServiceERP_FrontendUITests.swift */ = {isa = PBXFileReference; lastKnownFileType = sourcecode.swift; path = AutoServiceERP_FrontendUITests.swift; sourceTree = "<group>"; };
		1F7635E92AE86D3A00D2A8FB /* AutoServiceERP_FrontendUITestsLaunchTests.swift */ = {isa = PBXFileReference; lastKnownFileType = sourcecode.swift; path = AutoServiceERP_FrontendUITestsLaunchTests.swift; sourceTree = "<group>"; };
		1FCFA6E12B1108E000B8C198 /* Master.swift */ = {isa = PBXFileReference; lastKnownFileType = sourcecode.swift; path = Master.swift; sourceTree = "<group>"; };
		1FCFA6E32B11091A00B8C198 /* NetworkManager.swift */ = {isa = PBXFileReference; lastKnownFileType = sourcecode.swift; path = NetworkManager.swift; sourceTree = "<group>"; };
/* End PBXFileReference section */

/* Begin PBXFrameworksBuildPhase section */
		1F7635C12AE86D3800D2A8FB /* Frameworks */ = {
			isa = PBXFrameworksBuildPhase;
			buildActionMask = 2147483647;
			files = (
			);
			runOnlyForDeploymentPostprocessing = 0;
		};
		1F7635D62AE86D3A00D2A8FB /* Frameworks */ = {
			isa = PBXFrameworksBuildPhase;
			buildActionMask = 2147483647;
			files = (
			);
			runOnlyForDeploymentPostprocessing = 0;
		};
		1F7635E02AE86D3A00D2A8FB /* Frameworks */ = {
			isa = PBXFrameworksBuildPhase;
			buildActionMask = 2147483647;
			files = (
			);
			runOnlyForDeploymentPostprocessing = 0;
		};
/* End PBXFrameworksBuildPhase section */

/* Begin PBXGroup section */
		1F7635BB2AE86D3800D2A8FB = {
			isa = PBXGroup;
			children = (
				1F7635C62AE86D3800D2A8FB /* AutoServiceERP-Frontend */,
				1F7635DC2AE86D3A00D2A8FB /* AutoServiceERP-FrontendTests */,
				1F7635E62AE86D3A00D2A8FB /* AutoServiceERP-FrontendUITests */,
				1F7635C52AE86D3800D2A8FB /* Products */,
			);
			sourceTree = "<group>";
		};
		1F7635C52AE86D3800D2A8FB /* Products */ = {
			isa = PBXGroup;
			children = (
				1F7635C42AE86D3800D2A8FB /* AutoServiceERP-Frontend.app */,
				1F7635D92AE86D3A00D2A8FB /* AutoServiceERP-FrontendTests.xctest */,
				1F7635E32AE86D3A00D2A8FB /* AutoServiceERP-FrontendUITests.xctest */,
			);
			name = Products;
			sourceTree = "<group>";
		};
		1F7635C62AE86D3800D2A8FB /* AutoServiceERP-Frontend */ = {
			isa = PBXGroup;
			children = (
				1F7635C72AE86D3800D2A8FB /* AutoServiceERP_FrontendApp.swift */,
				1F7635C92AE86D3800D2A8FB /* ContentView.swift */,
				1F7635CB2AE86D3900D2A8FB /* Assets.xcassets */,
				1F7635CD2AE86D3900D2A8FB /* Preview Content */,
				1FCFA6E12B1108E000B8C198 /* Master.swift */,
				1FCFA6E32B11091A00B8C198 /* NetworkManager.swift */,
			);
			path = "AutoServiceERP-Frontend";
			sourceTree = "<group>";
		};
		1F7635CD2AE86D3900D2A8FB /* Preview Content */ = {
			isa = PBXGroup;
			children = (
				1F7635CE2AE86D3900D2A8FB /* Preview Assets.xcassets */,
			);
			path = "Preview Content";
			sourceTree = "<group>";
		};
		1F7635DC2AE86D3A00D2A8FB /* AutoServiceERP-FrontendTests */ = {
			isa = PBXGroup;
			children = (
				1F7635DD2AE86D3A00D2A8FB /* AutoServiceERP_FrontendTests.swift */,
			);
			path = "AutoServiceERP-FrontendTests";
			sourceTree = "<group>";
		};
		1F7635E62AE86D3A00D2A8FB /* AutoServiceERP-FrontendUITests */ = {
			isa = PBXGroup;
			children = (
				1F7635E72AE86D3A00D2A8FB /* AutoServiceERP_FrontendUITests.swift */,
				1F7635E92AE86D3A00D2A8FB /* AutoServiceERP_FrontendUITestsLaunchTests.swift */,
			);
			path = "AutoServiceERP-FrontendUITests";
			sourceTree = "<group>";
		};
/* End PBXGroup section */

/* Begin PBXNativeTarget section */
		1F7635C32AE86D3800D2A8FB /* AutoServiceERP-Frontend */ = {
			isa = PBXNativeTarget;
			buildConfigurationList = 1F7635ED2AE86D3A00D2A8FB /* Build configuration list for PBXNativeTarget "AutoServiceERP-Frontend" */;
			buildPhases = (
				1F7635C02AE86D3800D2A8FB /* Sources */,
				1F7635C12AE86D3800D2A8FB /* Frameworks */,
				1F7635C22AE86D3800D2A8FB /* Resources */,
			);
			buildRules = (
			);
			dependencies = (
			);
			name = "AutoServiceERP-Frontend";
			productName = "AutoServiceERP-Frontend";
			productReference = 1F7635C42AE86D3800D2A8FB /* AutoServiceERP-Frontend.app */;
			productType = "com.apple.product-type.application";
		};
		1F7635D82AE86D3A00D2A8FB /* AutoServiceERP-FrontendTests */ = {
			isa = PBXNativeTarget;
			buildConfigurationList = 1F7635F02AE86D3A00D2A8FB /* Build configuration list for PBXNativeTarget "AutoServiceERP-FrontendTests" */;
			buildPhases = (
				1F7635D52AE86D3A00D2A8FB /* Sources */,
				1F7635D62AE86D3A00D2A8FB /* Frameworks */,
				1F7635D72AE86D3A00D2A8FB /* Resources */,
			);
			buildRules = (
			);
			dependencies = (
				1F7635DB2AE86D3A00D2A8FB /* PBXTargetDependency */,
			);
			name = "AutoServiceERP-FrontendTests";
			productName = "AutoServiceERP-FrontendTests";
			productReference = 1F7635D92AE86D3A00D2A8FB /* AutoServiceERP-FrontendTests.xctest */;
			productType = "com.apple.product-type.bundle.unit-test";
		};
		1F7635E22AE86D3A00D2A8FB /* AutoServiceERP-FrontendUITests */ = {
			isa = PBXNativeTarget;
			buildConfigurationList = 1F7635F32AE86D3A00D2A8FB /* Build configuration list for PBXNativeTarget "AutoServiceERP-FrontendUITests" */;
			buildPhases = (
				1F7635DF2AE86D3A00D2A8FB /* Sources */,
				1F7635E02AE86D3A00D2A8FB /* Frameworks */,
				1F7635E12AE86D3A00D2A8FB /* Resources */,
			);
			buildRules = (
			);
			dependencies = (
				1F7635E52AE86D3A00D2A8FB /* PBXTargetDependency */,
			);
			name = "AutoServiceERP-FrontendUITests";
			productName = "AutoServiceERP-FrontendUITests";
			productReference = 1F7635E32AE86D3A00D2A8FB /* AutoServiceERP-FrontendUITests.xctest */;
			productType = "com.apple.product-type.bundle.ui-testing";
		};
/* End PBXNativeTarget section */

/* Begin PBXProject section */
		1F7635BC2AE86D3800D2A8FB /* Project object */ = {
			isa = PBXProject;
			attributes = {
				BuildIndependentTargetsInParallel = 1;
				LastSwiftUpdateCheck = 1500;
				LastUpgradeCheck = 1500;
				TargetAttributes = {
					1F7635C32AE86D3800D2A8FB = {
						CreatedOnToolsVersion = 15.0;
					};
					1F7635D82AE86D3A00D2A8FB = {
						CreatedOnToolsVersion = 15.0;
						TestTargetID = 1F7635C32AE86D3800D2A8FB;
					};
					1F7635E22AE86D3A00D2A8FB = {
						CreatedOnToolsVersion = 15.0;
						TestTargetID = 1F7635C32AE86D3800D2A8FB;
					};
				};
			};
			buildConfigurationList = 1F7635BF2AE86D3800D2A8FB /* Build configuration list for PBXProject "AutoServiceERP-Frontend" */;
			compatibilityVersion = "Xcode 14.0";
			developmentRegion = en;
			hasScannedForEncodings = 0;
			knownRegions = (
				en,
				Base,
			);
			mainGroup = 1F7635BB2AE86D3800D2A8FB;
			productRefGroup = 1F7635C52AE86D3800D2A8FB /* Products */;
			projectDirPath = "";
			projectRoot = "";
			targets = (
				1F7635C32AE86D3800D2A8FB /* AutoServiceERP-Frontend */,
				1F7635D82AE86D3A00D2A8FB /* AutoServiceERP-FrontendTests */,
				1F7635E22AE86D3A00D2A8FB /* AutoServiceERP-FrontendUITests */,
			);
		};
/* End PBXProject section */

/* Begin PBXResourcesBuildPhase section */
		1F7635C22AE86D3800D2A8FB /* Resources */ = {
			isa = PBXResourcesBuildPhase;
			buildActionMask = 2147483647;
			files = (
				1F7635CF2AE86D3900D2A8FB /* Preview Assets.xcassets in Resources */,
				1F7635CC2AE86D3900D2A8FB /* Assets.xcassets in Resources */,
			);
			runOnlyForDeploymentPostprocessing = 0;
		};
		1F7635D72AE86D3A00D2A8FB /* Resources */ = {
			isa = PBXResourcesBuildPhase;
			buildActionMask = 2147483647;
			files = (
			);
			runOnlyForDeploymentPostprocessing = 0;
		};
		1F7635E12AE86D3A00D2A8FB /* Resources */ = {
			isa = PBXResourcesBuildPhase;
			buildActionMask = 2147483647;
			files = (
			);
			runOnlyForDeploymentPostprocessing = 0;
		};
/* End PBXResourcesBuildPhase section */

/* Begin PBXSourcesBuildPhase section */
		1F7635C02AE86D3800D2A8FB /* Sources */ = {
			isa = PBXSourcesBuildPhase;
			buildActionMask = 2147483647;
			files = (
				1F7635CA2AE86D3800D2A8FB /* ContentView.swift in Sources */,
				1FCFA6E42B11091A00B8C198 /* NetworkManager.swift in Sources */,
				1F7635C82AE86D3800D2A8FB /* AutoServiceERP_FrontendApp.swift in Sources */,
				1FCFA6E22B1108E000B8C198 /* Master.swift in Sources */,
			);
			runOnlyForDeploymentPostprocessing = 0;
		};
		1F7635D52AE86D3A00D2A8FB /* Sources */ = {
			isa = PBXSourcesBuildPhase;
			buildActionMask = 2147483647;
			files = (
				1F7635DE2AE86D3A00D2A8FB /* AutoServiceERP_FrontendTests.swift in Sources */,
			);
			runOnlyForDeploymentPostprocessing = 0;
		};
		1F7635DF2AE86D3A00D2A8FB /* Sources */ = {
			isa = PBXSourcesBuildPhase;
			buildActionMask = 2147483647;
			files = (
				1F7635E82AE86D3A00D2A8FB /* AutoServiceERP_FrontendUITests.swift in Sources */,
				1F7635EA2AE86D3A00D2A8FB /* AutoServiceERP_FrontendUITestsLaunchTests.swift in Sources */,
			);
			runOnlyForDeploymentPostprocessing = 0;
		};
/* End PBXSourcesBuildPhase section */

/* Begin PBXTargetDependency section */
		1F7635DB2AE86D3A00D2A8FB /* PBXTargetDependency */ = {
			isa = PBXTargetDependency;
			target = 1F7635C32AE86D3800D2A8FB /* AutoServiceERP-Frontend */;
			targetProxy = 1F7635DA2AE86D3A00D2A8FB /* PBXContainerItemProxy */;
		};
		1F7635E52AE86D3A00D2A8FB /* PBXTargetDependency */ = {
			isa = PBXTargetDependency;
			target = 1F7635C32AE86D3800D2A8FB /* AutoServiceERP-Frontend */;
			targetProxy = 1F7635E42AE86D3A00D2A8FB /* PBXContainerItemProxy */;
		};
/* End PBXTargetDependency section */

/* Begin XCBuildConfiguration section */
		1F7635EB2AE86D3A00D2A8FB /* Debug */ = {
			isa = XCBuildConfiguration;
			buildSettings = {
				ALWAYS_SEARCH_USER_PATHS = NO;
				ASSETCATALOG_COMPILER_GENERATE_SWIFT_ASSET_SYMBOL_EXTENSIONS = YES;
				CLANG_ANALYZER_NONNULL = YES;
				CLANG_ANALYZER_NUMBER_OBJECT_CONVERSION = YES_AGGRESSIVE;
				CLANG_CXX_LANGUAGE_STANDARD = "gnu++20";
				CLANG_ENABLE_MODULES = YES;
				CLANG_ENABLE_OBJC_ARC = YES;
				CLANG_ENABLE_OBJC_WEAK = YES;
				CLANG_WARN_BLOCK_CAPTURE_AUTORELEASING = YES;
				CLANG_WARN_BOOL_CONVERSION = YES;
				CLANG_WARN_COMMA = YES;
				CLANG_WARN_CONSTANT_CONVERSION = YES;
				CLANG_WARN_DEPRECATED_OBJC_IMPLEMENTATIONS = YES;
				CLANG_WARN_DIRECT_OBJC_ISA_USAGE = YES_ERROR;
				CLANG_WARN_DOCUMENTATION_COMMENTS = YES;
				CLANG_WARN_EMPTY_BODY = YES;
				CLANG_WARN_ENUM_CONVERSION = YES;
				CLANG_WARN_INFINITE_RECURSION = YES;
				CLANG_WARN_INT_CONVERSION = YES;
				CLANG_WARN_NON_LITERAL_NULL_CONVERSION = YES;
				CLANG_WARN_OBJC_IMPLICIT_RETAIN_SELF = YES;
				CLANG_WARN_OBJC_LITERAL_CONVERSION = YES;
				CLANG_WARN_OBJC_ROOT_CLASS = YES_ERROR;
				CLANG_WARN_QUOTED_INCLUDE_IN_FRAMEWORK_HEADER = YES;
				CLANG_WARN_RANGE_LOOP_ANALYSIS = YES;
				CLANG_WARN_STRICT_PROTOTYPES = YES;
				CLANG_WARN_SUSPICIOUS_MOVE = YES;
				CLANG_WARN_UNGUARDED_AVAILABILITY = YES_AGGRESSIVE;
				CLANG_WARN_UNREACHABLE_CODE = YES;
				CLANG_WARN__DUPLICATE_METHOD_MATCH = YES;
				COPY_PHASE_STRIP = NO;
				DEBUG_INFORMATION_FORMAT = dwarf;
				ENABLE_STRICT_OBJC_MSGSEND = YES;
				ENABLE_TESTABILITY = YES;
				ENABLE_USER_SCRIPT_SANDBOXING = YES;
				GCC_C_LANGUAGE_STANDARD = gnu17;
				GCC_DYNAMIC_NO_PIC = NO;
				GCC_NO_COMMON_BLOCKS = YES;
				GCC_OPTIMIZATION_LEVEL = 0;
				GCC_PREPROCESSOR_DEFINITIONS = (
					"DEBUG=1",
					"$(inherited)",
				);
				GCC_WARN_64_TO_32_BIT_CONVERSION = YES;
				GCC_WARN_ABOUT_RETURN_TYPE = YES_ERROR;
				GCC_WARN_UNDECLARED_SELECTOR = YES;
				GCC_WARN_UNINITIALIZED_AUTOS = YES_AGGRESSIVE;
				GCC_WARN_UNUSED_FUNCTION = YES;
				GCC_WARN_UNUSED_VARIABLE = YES;
				IPHONEOS_DEPLOYMENT_TARGET = 17.0;
				LOCALIZATION_PREFERS_STRING_CATALOGS = YES;
				MTL_ENABLE_DEBUG_INFO = INCLUDE_SOURCE;
				MTL_FAST_MATH = YES;
				ONLY_ACTIVE_ARCH = YES;
				SDKROOT = iphoneos;
				SWIFT_ACTIVE_COMPILATION_CONDITIONS = "DEBUG $(inherited)";
				SWIFT_OPTIMIZATION_LEVEL = "-Onone";
			};
			name = Debug;
		};
		1F7635EC2AE86D3A00D2A8FB /* Release */ = {
			isa = XCBuildConfiguration;
			buildSettings = {
				ALWAYS_SEARCH_USER_PATHS = NO;
				ASSETCATALOG_COMPILER_GENERATE_SWIFT_ASSET_SYMBOL_EXTENSIONS = YES;
				CLANG_ANALYZER_NONNULL = YES;
				CLANG_ANALYZER_NUMBER_OBJECT_CONVERSION = YES_AGGRESSIVE;
				CLANG_CXX_LANGUAGE_STANDARD = "gnu++20";
				CLANG_ENABLE_MODULES = YES;
				CLANG_ENABLE_OBJC_ARC = YES;
				CLANG_ENABLE_OBJC_WEAK = YES;
				CLANG_WARN_BLOCK_CAPTURE_AUTORELEASING = YES;
				CLANG_WARN_BOOL_CONVERSION = YES;
				CLANG_WARN_COMMA = YES;
				CLANG_WARN_CONSTANT_CONVERSION = YES;
				CLANG_WARN_DEPRECATED_OBJC_IMPLEMENTATIONS = YES;
				CLANG_WARN_DIRECT_OBJC_ISA_USAGE = YES_ERROR;
				CLANG_WARN_DOCUMENTATION_COMMENTS = YES;
				CLANG_WARN_EMPTY_BODY = YES;
				CLANG_WARN_ENUM_CONVERSION = YES;
				CLANG_WARN_INFINITE_RECURSION = YES;
				CLANG_WARN_INT_CONVERSION = YES;
				CLANG_WARN_NON_LITERAL_NULL_CONVERSION = YES;
				CLANG_WARN_OBJC_IMPLICIT_RETAIN_SELF = YES;
				CLANG_WARN_OBJC_LITERAL_CONVERSION = YES;
				CLANG_WARN_OBJC_ROOT_CLASS = YES_ERROR;
				CLANG_WARN_QUOTED_INCLUDE_IN_FRAMEWORK_HEADER = YES;
				CLANG_WARN_RANGE_LOOP_ANALYSIS = YES;
				CLANG_WARN_STRICT_PROTOTYPES = YES;
				CLANG_WARN_SUSPICIOUS_MOVE = YES;
				CLANG_WARN_UNGUARDED_AVAILABILITY = YES_AGGRESSIVE;
				CLANG_WARN_UNREACHABLE_CODE = YES;
				CLANG_WARN__DUPLICATE_METHOD_MATCH = YES;
				COPY_PHASE_STRIP = NO;
				DEBUG_INFORMATION_FORMAT = "dwarf-with-dsym";
				ENABLE_NS_ASSERTIONS = NO;
				ENABLE_STRICT_OBJC_MSGSEND = YES;
				ENABLE_USER_SCRIPT_SANDBOXING = YES;
				GCC_C_LANGUAGE_STANDARD = gnu17;
				GCC_NO_COMMON_BLOCKS = YES;
				GCC_WARN_64_TO_32_BIT_CONVERSION = YES;
				GCC_WARN_ABOUT_RETURN_TYPE = YES_ERROR;
				GCC_WARN_UNDECLARED_SELECTOR = YES;
				GCC_WARN_UNINITIALIZED_AUTOS = YES_AGGRESSIVE;
				GCC_WARN_UNUSED_FUNCTION = YES;
				GCC_WARN_UNUSED_VARIABLE = YES;
				IPHONEOS_DEPLOYMENT_TARGET = 17.0;
				LOCALIZATION_PREFERS_STRING_CATALOGS = YES;
				MTL_ENABLE_DEBUG_INFO = NO;
				MTL_FAST_MATH = YES;
				SDKROOT = iphoneos;
				SWIFT_COMPILATION_MODE = wholemodule;
				VALIDATE_PRODUCT = YES;
			};
			name = Release;
		};
		1F7635EE2AE86D3A00D2A8FB /* Debug */ = {
			isa = XCBuildConfiguration;
			buildSettings = {
				ASSETCATALOG_COMPILER_APPICON_NAME = AppIcon;
				ASSETCATALOG_COMPILER_GLOBAL_ACCENT_COLOR_NAME = AccentColor;
				CODE_SIGN_STYLE = Automatic;
				CURRENT_PROJECT_VERSION = 1;
				DEVELOPMENT_ASSET_PATHS = "\"AutoServiceERP-Frontend/Preview Content\"";
				ENABLE_PREVIEWS = YES;
				GENERATE_INFOPLIST_FILE = YES;
				INFOPLIST_KEY_UIApplicationSceneManifest_Generation = YES;
				INFOPLIST_KEY_UIApplicationSupportsIndirectInputEvents = YES;
				INFOPLIST_KEY_UILaunchScreen_Generation = YES;
				INFOPLIST_KEY_UISupportedInterfaceOrientations_iPad = "UIInterfaceOrientationPortrait UIInterfaceOrientationPortraitUpsideDown UIInterfaceOrientationLandscapeLeft UIInterfaceOrientationLandscapeRight";
				INFOPLIST_KEY_UISupportedInterfaceOrientations_iPhone = "UIInterfaceOrientationPortrait UIInterfaceOrientationLandscapeLeft UIInterfaceOrientationLandscapeRight";
				LD_RUNPATH_SEARCH_PATHS = (
					"$(inherited)",
					"@executable_path/Frameworks",
				);
				MARKETING_VERSION = 1.0;
				PRODUCT_BUNDLE_IDENTIFIER = "anon.AutoServiceERP-Frontend";
				PRODUCT_NAME = "$(TARGET_NAME)";
				SWIFT_EMIT_LOC_STRINGS = YES;
				SWIFT_VERSION = 5.0;
				TARGETED_DEVICE_FAMILY = "1,2";
			};
			name = Debug;
		};
		1F7635EF2AE86D3A00D2A8FB /* Release */ = {
			isa = XCBuildConfiguration;
			buildSettings = {
				ASSETCATALOG_COMPILER_APPICON_NAME = AppIcon;
				ASSETCATALOG_COMPILER_GLOBAL_ACCENT_COLOR_NAME = AccentColor;
				CODE_SIGN_STYLE = Automatic;
				CURRENT_PROJECT_VERSION = 1;
				DEVELOPMENT_ASSET_PATHS = "\"AutoServiceERP-Frontend/Preview Content\"";
				ENABLE_PREVIEWS = YES;
				GENERATE_INFOPLIST_FILE = YES;
				INFOPLIST_KEY_UIApplicationSceneManifest_Generation = YES;
				INFOPLIST_KEY_UIApplicationSupportsIndirectInputEvents = YES;
				INFOPLIST_KEY_UILaunchScreen_Generation = YES;
				INFOPLIST_KEY_UISupportedInterfaceOrientations_iPad = "UIInterfaceOrientationPortrait UIInterfaceOrientationPortraitUpsideDown UIInterfaceOrientationLandscapeLeft UIInterfaceOrientationLandscapeRight";
				INFOPLIST_KEY_UISupportedInterfaceOrientations_iPhone = "UIInterfaceOrientationPortrait UIInterfaceOrientationLandscapeLeft UIInterfaceOrientationLandscapeRight";
				LD_RUNPATH_SEARCH_PATHS = (
					"$(inherited)",
					"@executable_path/Frameworks",
				);
				MARKETING_VERSION = 1.0;
				PRODUCT_BUNDLE_IDENTIFIER = "anon.AutoServiceERP-Frontend";
				PRODUCT_NAME = "$(TARGET_NAME)";
				SWIFT_EMIT_LOC_STRINGS = YES;
				SWIFT_VERSION = 5.0;
				TARGETED_DEVICE_FAMILY = "1,2";
			};
			name = Release;
		};
		1F7635F12AE86D3A00D2A8FB /* Debug */ = {
			isa = XCBuildConfiguration;
			buildSettings = {
				ALWAYS_EMBED_SWIFT_STANDARD_LIBRARIES = YES;
				BUNDLE_LOADER = "$(TEST_HOST)";
				CODE_SIGN_STYLE = Automatic;
				CURRENT_PROJECT_VERSION = 1;
				GENERATE_INFOPLIST_FILE = YES;
				IPHONEOS_DEPLOYMENT_TARGET = 17.0;
				MARKETING_VERSION = 1.0;
				PRODUCT_BUNDLE_IDENTIFIER = "anon.AutoServiceERP-FrontendTests";
				PRODUCT_NAME = "$(TARGET_NAME)";
				SWIFT_EMIT_LOC_STRINGS = NO;
				SWIFT_VERSION = 5.0;
				TARGETED_DEVICE_FAMILY = "1,2";
				TEST_HOST = "$(BUILT_PRODUCTS_DIR)/AutoServiceERP-Frontend.app/$(BUNDLE_EXECUTABLE_FOLDER_PATH)/AutoServiceERP-Frontend";
			};
			name = Debug;
		};
		1F7635F22AE86D3A00D2A8FB /* Release */ = {
			isa = XCBuildConfiguration;
			buildSettings = {
				ALWAYS_EMBED_SWIFT_STANDARD_LIBRARIES = YES;
				BUNDLE_LOADER = "$(TEST_HOST)";
				CODE_SIGN_STYLE = Automatic;
				CURRENT_PROJECT_VERSION = 1;
				GENERATE_INFOPLIST_FILE = YES;
				IPHONEOS_DEPLOYMENT_TARGET = 17.0;
				MARKETING_VERSION = 1.0;
				PRODUCT_BUNDLE_IDENTIFIER = "anon.AutoServiceERP-FrontendTests";
				PRODUCT_NAME = "$(TARGET_NAME)";
				SWIFT_EMIT_LOC_STRINGS = NO;
				SWIFT_VERSION = 5.0;
				TARGETED_DEVICE_FAMILY = "1,2";
				TEST_HOST = "$(BUILT_PRODUCTS_DIR)/AutoServiceERP-Frontend.app/$(BUNDLE_EXECUTABLE_FOLDER_PATH)/AutoServiceERP-Frontend";
			};
			name = Release;
		};
		1F7635F42AE86D3A00D2A8FB /* Debug */ = {
			isa = XCBuildConfiguration;
			buildSettings = {
				ALWAYS_EMBED_SWIFT_STANDARD_LIBRARIES = YES;
				CODE_SIGN_STYLE = Automatic;
				CURRENT_PROJECT_VERSION = 1;
				GENERATE_INFOPLIST_FILE = YES;
				MARKETING_VERSION = 1.0;
				PRODUCT_BUNDLE_IDENTIFIER = "anon.AutoServiceERP-FrontendUITests";
				PRODUCT_NAME = "$(TARGET_NAME)";
				SWIFT_EMIT_LOC_STRINGS = NO;
				SWIFT_VERSION = 5.0;
				TARGETED_DEVICE_FAMILY = "1,2";
				TEST_TARGET_NAME = "AutoServiceERP-Frontend";
			};
			name = Debug;
		};
		1F7635F52AE86D3A00D2A8FB /* Release */ = {
			isa = XCBuildConfiguration;
			buildSettings = {
				ALWAYS_EMBED_SWIFT_STANDARD_LIBRARIES = YES;
				CODE_SIGN_STYLE = Automatic;
				CURRENT_PROJECT_VERSION = 1;
				GENERATE_INFOPLIST_FILE = YES;
				MARKETING_VERSION = 1.0;
				PRODUCT_BUNDLE_IDENTIFIER = "anon.AutoServiceERP-FrontendUITests";
				PRODUCT_NAME = "$(TARGET_NAME)";
				SWIFT_EMIT_LOC_STRINGS = NO;
				SWIFT_VERSION = 5.0;
				TARGETED_DEVICE_FAMILY = "1,2";
				TEST_TARGET_NAME = "AutoServiceERP-Frontend";
			};
			name = Release;
		};
/* End XCBuildConfiguration section */

/* Begin XCConfigurationList section */
		1F7635BF2AE86D3800D2A8FB /* Build configuration list for PBXProject "AutoServiceERP-Frontend" */ = {
			isa = XCConfigurationList;
			buildConfigurations = (
				1F7635EB2AE86D3A00D2A8FB /* Debug */,
				1F7635EC2AE86D3A00D2A8FB /* Release */,
			);
			defaultConfigurationIsVisible = 0;
			defaultConfigurationName = Release;
		};
		1F7635ED2AE86D3A00D2A8FB /* Build configuration list for PBXNativeTarget "AutoServiceERP-Frontend" */ = {
			isa = XCConfigurationList;
			buildConfigurations = (
				1F7635EE2AE86D3A00D2A8FB /* Debug */,
				1F7635EF2AE86D3A00D2A8FB /* Release */,
			);
			defaultConfigurationIsVisible = 0;
			defaultConfigurationName = Release;
		};
		1F7635F02AE86D3A00D2A8FB /* Build configuration list for PBXNativeTarget "AutoServiceERP-FrontendTests" */ = {
			isa = XCConfigurationList;
			buildConfigurations = (
				1F7635F12AE86D3A00D2A8FB /* Debug */,
				1F7635F22AE86D3A00D2A8FB /* Release */,
			);
			defaultConfigurationIsVisible = 0;
			defaultConfigurationName = Release;
		};
		1F7635F32AE86D3A00D2A8FB /* Build configuration list for PBXNativeTarget "AutoServiceERP-FrontendUITests" */ = {
			isa = XCConfigurationList;
			buildConfigurations = (
				1F7635F42AE86D3A00D2A8FB /* Debug */,
				1F7635F52AE86D3A00D2A8FB /* Release */,
			);
			defaultConfigurationIsVisible = 0;
			defaultConfigurationName = Release;
		};
/* End XCConfigurationList section */
	};
	rootObject = 1F7635BC2AE86D3800D2A8FB /* Project object */;
}
